
Microsoft Visual Studio Solution File, Format Version 12.00
# Visual Studio Version 17
VisualStudioVersion = 17.11.35208.52
MinimumVisualStudioVersion = 10.0.40219.1
Project("{FAE04EC0-301F-11D3-BF4B-00C04F79EFBC}") = "LINQ.PL", "LINQ.PL\LINQ.PL.csproj", "{4A94E536-0A1A-46D4-8236-81874F0389AA}"
EndProject
Project("{FAE04EC0-301F-11D3-BF4B-00C04F79EFBC}") = "LINQ.BUS", "LINQ.BUS\LINQ.BUS.csproj", "{C6C78C6A-6F89-402C-92F0-BA57D5C4550F}"
EndProject
Project("{FAE04EC0-301F-11D3-BF4B-00C04F79EFBC}") = "LINQ.DAL", "LINQ.DAL\LINQ.DAL.csproj", "{9036E8DF-AEA1-41C8-AA99-293235C8ABCA}"
EndProject
Global
	GlobalSection(SolutionConfigurationPlatforms) = preSolution
		Debug|Any CPU = Debug|Any CPU
		Release|Any CPU = Release|Any CPU
	EndGlobalSection
	GlobalSection(ProjectConfigurationPlatforms) = postSolution
		{4A94E536-0A1A-46D4-8236-81874F0389AA}.Debug|Any CPU.ActiveCfg = Debug|Any CPU
		{4A94E536-0A1A-46D4-8236-81874F0389AA}.Debug|Any CPU.Build.0 = Debug|Any CPU
		{4A94E536-0A1A-46D4-8236-81874F0389AA}.Release|Any CPU.ActiveCfg = Release|Any CPU
		{4A94E536-0A1A-46D4-8236-81874F0389AA}.Release|Any CPU.Build.0 = Release|Any CPU
		{C6C78C6A-6F89-402C-92F0-BA57D5C4550F}.Debug|Any CPU.ActiveCfg = Debug|Any CPU
		{C6C78C6A-6F89-402C-92F0-BA57D5C4550F}.Debug|Any CPU.Build.0 = Debug|Any CPU
		{C6C78C6A-6F89-402C-92F0-BA57D5C4550F}.Release|Any CPU.ActiveCfg = Release|Any CPU
		{C6C78C6A-6F89-402C-92F0-BA57D5C4550F}.Release|Any CPU.Build.0 = Release|Any CPU
		{9036E8DF-AEA1-41C8-AA99-293235C8ABCA}.Debug|Any CPU.ActiveCfg = Debug|Any CPU
		{9036E8DF-AEA1-41C8-AA99-293235C8ABCA}.Debug|Any CPU.Build.0 = Debug|Any CPU
		{9036E8DF-AEA1-41C8-AA99-293235C8ABCA}.Release|Any CPU.ActiveCfg = Release|Any CPU
		{9036E8DF-AEA1-41C8-AA99-293235C8ABCA}.Release|Any CPU.Build.0 = Release|Any CPU
	EndGlobalSection
	GlobalSection(SolutionProperties) = preSolution
		HideSolutionNode = FALSE
	EndGlobalSection
	GlobalSection(ExtensibilityGlobals) = postSolution
		SolutionGuid = {92E7550B-4F3F-44F0-B988-0D301FDF90F4}
	EndGlobalSection
EndGlobal
